// !$*UTF8*$!
{
	archiveVersion = 1;
	classes = {
	};
	objectVersion = 56;
	objects = {

/* Begin PBXBuildFile section */
		0129CB382B76D40C003FAE66 /* AppDelegate.swift in Sources */ = {isa = PBXBuildFile; fileRef = 0129CB372B76D40C003FAE66 /* AppDelegate.swift */; };
		0129CB3C2B76D40C003FAE66 /* Main.html in Resources */ = {isa = PBXBuildFile; fileRef = 0129CB3A2B76D40C003FAE66 /* Main.html */; };
		0129CB3E2B76D40C003FAE66 /* Icon.png in Resources */ = {isa = PBXBuildFile; fileRef = 0129CB3D2B76D40C003FAE66 /* Icon.png */; };
		0129CB402B76D40C003FAE66 /* Style.css in Resources */ = {isa = PBXBuildFile; fileRef = 0129CB3F2B76D40C003FAE66 /* Style.css */; };
		0129CB422B76D40C003FAE66 /* Script.js in Resources */ = {isa = PBXBuildFile; fileRef = 0129CB412B76D40C003FAE66 /* Script.js */; };
		0129CB442B76D40C003FAE66 /* ViewController.swift in Sources */ = {isa = PBXBuildFile; fileRef = 0129CB432B76D40C003FAE66 /* ViewController.swift */; };
		0129CB472B76D40C003FAE66 /* Main.storyboard in Resources */ = {isa = PBXBuildFile; fileRef = 0129CB452B76D40C003FAE66 /* Main.storyboard */; };
		0129CB492B76D40D003FAE66 /* Assets.xcassets in Resources */ = {isa = PBXBuildFile; fileRef = 0129CB482B76D40D003FAE66 /* Assets.xcassets */; };
		0129CB512B76D40D003FAE66 /* DictionaryScrapper Extension.appex in Embed Foundation Extensions */ = {isa = PBXBuildFile; fileRef = 0129CB502B76D40D003FAE66 /* DictionaryScrapper Extension.appex */; settings = {ATTRIBUTES = (RemoveHeadersOnCopy, ); }; };
		0129CB562B76D40D003FAE66 /* SafariExtensionHandler.swift in Sources */ = {isa = PBXBuildFile; fileRef = 0129CB552B76D40D003FAE66 /* SafariExtensionHandler.swift */; };
		0129CB582B76D40D003FAE66 /* SafariExtensionViewController.swift in Sources */ = {isa = PBXBuildFile; fileRef = 0129CB572B76D40D003FAE66 /* SafariExtensionViewController.swift */; };
		0129CB5B2B76D40D003FAE66 /* script.js in Resources */ = {isa = PBXBuildFile; fileRef = 0129CB5A2B76D40D003FAE66 /* script.js */; };
		0129CB5D2B76D40D003FAE66 /* ToolbarItemIcon.pdf in Resources */ = {isa = PBXBuildFile; fileRef = 0129CB5C2B76D40D003FAE66 /* ToolbarItemIcon.pdf */; };
		0129CB602B76D40D003FAE66 /* SafariExtensionViewController.xib in Resources */ = {isa = PBXBuildFile; fileRef = 0129CB5E2B76D40D003FAE66 /* SafariExtensionViewController.xib */; };
/* End PBXBuildFile section */

/* Begin PBXContainerItemProxy section */
		0129CB522B76D40D003FAE66 /* PBXContainerItemProxy */ = {
			isa = PBXContainerItemProxy;
			containerPortal = 0129CB2C2B76D40C003FAE66 /* Project object */;
			proxyType = 1;
			remoteGlobalIDString = 0129CB4F2B76D40D003FAE66;
			remoteInfo = "DictionaryScrapper Extension";
		};
		01ED72E02B78015500EF8271 /* PBXContainerItemProxy */ = {
			isa = PBXContainerItemProxy;
			containerPortal = 01ED72DB2B78015400EF8271 /* WordFinder.xcodeproj */;
			proxyType = 2;
			remoteGlobalIDString = 01ED729C2B78015300EF8271;
			remoteInfo = WordFinder;
		};
		01ED72E22B78015500EF8271 /* PBXContainerItemProxy */ = {
			isa = PBXContainerItemProxy;
			containerPortal = 01ED72DB2B78015400EF8271 /* WordFinder.xcodeproj */;
			proxyType = 2;
			remoteGlobalIDString = 01ED72B82B78015400EF8271;
			remoteInfo = "WordFinder Extension";
		};
/* End PBXContainerItemProxy section */

/* Begin PBXCopyFilesBuildPhase section */
		0129CB682B76D40D003FAE66 /* Embed Foundation Extensions */ = {
			isa = PBXCopyFilesBuildPhase;
			buildActionMask = 2147483647;
			dstPath = "";
			dstSubfolderSpec = 13;
			files = (
				0129CB512B76D40D003FAE66 /* DictionaryScrapper Extension.appex in Embed Foundation Extensions */,
			);
			name = "Embed Foundation Extensions";
			runOnlyForDeploymentPostprocessing = 0;
		};
/* End PBXCopyFilesBuildPhase section */

/* Begin PBXFileReference section */
		0129CB342B76D40C003FAE66 /* DictionaryScrapper.app */ = {isa = PBXFileReference; explicitFileType = wrapper.application; includeInIndex = 0; path = DictionaryScrapper.app; sourceTree = BUILT_PRODUCTS_DIR; };
		0129CB372B76D40C003FAE66 /* AppDelegate.swift */ = {isa = PBXFileReference; lastKnownFileType = sourcecode.swift; path = AppDelegate.swift; sourceTree = "<group>"; };
		0129CB3B2B76D40C003FAE66 /* Base */ = {isa = PBXFileReference; lastKnownFileType = text.html; name = Base; path = ../Base.lproj/Main.html; sourceTree = "<group>"; };
		0129CB3D2B76D40C003FAE66 /* Icon.png */ = {isa = PBXFileReference; lastKnownFileType = image.png; path = Icon.png; sourceTree = "<group>"; };
		0129CB3F2B76D40C003FAE66 /* Style.css */ = {isa = PBXFileReference; lastKnownFileType = text.css; path = Style.css; sourceTree = "<group>"; };
		0129CB412B76D40C003FAE66 /* Script.js */ = {isa = PBXFileReference; lastKnownFileType = sourcecode.javascript; path = Script.js; sourceTree = "<group>"; };
		0129CB432B76D40C003FAE66 /* ViewController.swift */ = {isa = PBXFileReference; lastKnownFileType = sourcecode.swift; path = ViewController.swift; sourceTree = "<group>"; };
		0129CB462B76D40C003FAE66 /* Base */ = {isa = PBXFileReference; lastKnownFileType = file.storyboard; name = Base; path = Base.lproj/Main.storyboard; sourceTree = "<group>"; };
		0129CB482B76D40D003FAE66 /* Assets.xcassets */ = {isa = PBXFileReference; lastKnownFileType = folder.assetcatalog; path = Assets.xcassets; sourceTree = "<group>"; };
		0129CB4A2B76D40D003FAE66 /* DictionaryScrapper.entitlements */ = {isa = PBXFileReference; lastKnownFileType = text.plist.entitlements; path = DictionaryScrapper.entitlements; sourceTree = "<group>"; };
		0129CB4B2B76D40D003FAE66 /* DictionaryScrapper.entitlements */ = {isa = PBXFileReference; lastKnownFileType = text.plist.entitlements; path = DictionaryScrapper.entitlements; sourceTree = "<group>"; };
		0129CB502B76D40D003FAE66 /* DictionaryScrapper Extension.appex */ = {isa = PBXFileReference; explicitFileType = "wrapper.app-extension"; includeInIndex = 0; path = "DictionaryScrapper Extension.appex"; sourceTree = BUILT_PRODUCTS_DIR; };
		0129CB552B76D40D003FAE66 /* SafariExtensionHandler.swift */ = {isa = PBXFileReference; lastKnownFileType = sourcecode.swift; path = SafariExtensionHandler.swift; sourceTree = "<group>"; };
		0129CB572B76D40D003FAE66 /* SafariExtensionViewController.swift */ = {isa = PBXFileReference; lastKnownFileType = sourcecode.swift; path = SafariExtensionViewController.swift; sourceTree = "<group>"; };
		0129CB5A2B76D40D003FAE66 /* script.js */ = {isa = PBXFileReference; lastKnownFileType = sourcecode.javascript; path = script.js; sourceTree = "<group>"; };
		0129CB5C2B76D40D003FAE66 /* ToolbarItemIcon.pdf */ = {isa = PBXFileReference; lastKnownFileType = image.pdf; path = ToolbarItemIcon.pdf; sourceTree = "<group>"; };
		0129CB5F2B76D40D003FAE66 /* Base */ = {isa = PBXFileReference; lastKnownFileType = file.xib; name = Base; path = Base.lproj/SafariExtensionViewController.xib; sourceTree = "<group>"; };
		0129CB612B76D40D003FAE66 /* Info.plist */ = {isa = PBXFileReference; lastKnownFileType = text.plist.xml; path = Info.plist; sourceTree = "<group>"; };
		0129CB622B76D40D003FAE66 /* DictionaryScrapper_Extension.entitlements */ = {isa = PBXFileReference; lastKnownFileType = text.plist.entitlements; path = DictionaryScrapper_Extension.entitlements; sourceTree = "<group>"; };
		01ED72DB2B78015400EF8271 /* WordFinder.xcodeproj */ = {isa = PBXFileReference; lastKnownFileType = "wrapper.pb-project"; name = WordFinder.xcodeproj; path = WordFinder/WordFinder.xcodeproj; sourceTree = SOURCE_ROOT; };
/* End PBXFileReference section */

/* Begin PBXFrameworksBuildPhase section */
		0129CB312B76D40C003FAE66 /* Frameworks */ = {
			isa = PBXFrameworksBuildPhase;
			buildActionMask = 2147483647;
			files = (
			);
			runOnlyForDeploymentPostprocessing = 0;
		};
		0129CB4D2B76D40D003FAE66 /* Frameworks */ = {
			isa = PBXFrameworksBuildPhase;
			buildActionMask = 2147483647;
			files = (
			);
			runOnlyForDeploymentPostprocessing = 0;
		};
/* End PBXFrameworksBuildPhase section */

/* Begin PBXGroup section */
		0129CB2B2B76D40C003FAE66 = {
			isa = PBXGroup;
			children = (
				0129CB362B76D40C003FAE66 /* DictionaryScrapper */,
				0129CB542B76D40D003FAE66 /* DictionaryScrapper Extension */,
				0129CB352B76D40C003FAE66 /* Products */,
			);
			sourceTree = "<group>";
		};
		0129CB352B76D40C003FAE66 /* Products */ = {
			isa = PBXGroup;
			children = (
				0129CB342B76D40C003FAE66 /* DictionaryScrapper.app */,
				0129CB502B76D40D003FAE66 /* DictionaryScrapper Extension.appex */,
			);
			name = Products;
			sourceTree = "<group>";
		};
		0129CB362B76D40C003FAE66 /* DictionaryScrapper */ = {
			isa = PBXGroup;
			children = (
				01ED72DB2B78015400EF8271 /* WordFinder.xcodeproj */,
				0129CB372B76D40C003FAE66 /* AppDelegate.swift */,
				0129CB432B76D40C003FAE66 /* ViewController.swift */,
				0129CB452B76D40C003FAE66 /* Main.storyboard */,
				0129CB482B76D40D003FAE66 /* Assets.xcassets */,
				0129CB4A2B76D40D003FAE66 /* DictionaryScrapper.entitlements */,
				0129CB4B2B76D40D003FAE66 /* DictionaryScrapper.entitlements */,
				0129CB392B76D40C003FAE66 /* Resources */,
			);
			path = DictionaryScrapper;
			sourceTree = "<group>";
		};
		0129CB392B76D40C003FAE66 /* Resources */ = {
			isa = PBXGroup;
			children = (
				0129CB3A2B76D40C003FAE66 /* Main.html */,
				0129CB3D2B76D40C003FAE66 /* Icon.png */,
				0129CB3F2B76D40C003FAE66 /* Style.css */,
				0129CB412B76D40C003FAE66 /* Script.js */,
			);
			path = Resources;
			sourceTree = "<group>";
		};
		0129CB542B76D40D003FAE66 /* DictionaryScrapper Extension */ = {
			isa = PBXGroup;
			children = (
				0129CB552B76D40D003FAE66 /* SafariExtensionHandler.swift */,
				0129CB572B76D40D003FAE66 /* SafariExtensionViewController.swift */,
				0129CB5E2B76D40D003FAE66 /* SafariExtensionViewController.xib */,
				0129CB612B76D40D003FAE66 /* Info.plist */,
				0129CB622B76D40D003FAE66 /* DictionaryScrapper_Extension.entitlements */,
				0129CB592B76D40D003FAE66 /* Resources */,
			);
			path = "DictionaryScrapper Extension";
			sourceTree = "<group>";
		};
		0129CB592B76D40D003FAE66 /* Resources */ = {
			isa = PBXGroup;
			children = (
				0129CB5A2B76D40D003FAE66 /* script.js */,
				0129CB5C2B76D40D003FAE66 /* ToolbarItemIcon.pdf */,
			);
			path = Resources;
			sourceTree = "<group>";
		};
		01ED72DC2B78015400EF8271 /* Products */ = {
			isa = PBXGroup;
			children = (
				01ED72E12B78015500EF8271 /* WordFinder.app */,
				01ED72E32B78015500EF8271 /* WordFinder Extension.appex */,
			);
			name = Products;
			sourceTree = "<group>";
		};
/* End PBXGroup section */

/* Begin PBXNativeTarget section */
		0129CB332B76D40C003FAE66 /* DictionaryScrapper */ = {
			isa = PBXNativeTarget;
			buildConfigurationList = 0129CB692B76D40D003FAE66 /* Build configuration list for PBXNativeTarget "DictionaryScrapper" */;
			buildPhases = (
				0129CB302B76D40C003FAE66 /* Sources */,
				0129CB312B76D40C003FAE66 /* Frameworks */,
				0129CB322B76D40C003FAE66 /* Resources */,
				0129CB682B76D40D003FAE66 /* Embed Foundation Extensions */,
			);
			buildRules = (
			);
			dependencies = (
				0129CB532B76D40D003FAE66 /* PBXTargetDependency */,
			);
			name = DictionaryScrapper;
			productName = DictionaryScrapper;
			productReference = 0129CB342B76D40C003FAE66 /* DictionaryScrapper.app */;
			productType = "com.apple.product-type.application";
		};
		0129CB4F2B76D40D003FAE66 /* DictionaryScrapper Extension */ = {
			isa = PBXNativeTarget;
			buildConfigurationList = 0129CB652B76D40D003FAE66 /* Build configuration list for PBXNativeTarget "DictionaryScrapper Extension" */;
			buildPhases = (
				0129CB4C2B76D40D003FAE66 /* Sources */,
				0129CB4D2B76D40D003FAE66 /* Frameworks */,
				0129CB4E2B76D40D003FAE66 /* Resources */,
			);
			buildRules = (
			);
			dependencies = (
			);
			name = "DictionaryScrapper Extension";
			productName = "DictionaryScrapper Extension";
			productReference = 0129CB502B76D40D003FAE66 /* DictionaryScrapper Extension.appex */;
			productType = "com.apple.product-type.app-extension";
		};
/* End PBXNativeTarget section */

/* Begin PBXProject section */
		0129CB2C2B76D40C003FAE66 /* Project object */ = {
			isa = PBXProject;
			attributes = {
				BuildIndependentTargetsInParallel = 1;
				LastSwiftUpdateCheck = 1520;
				LastUpgradeCheck = 1520;
				TargetAttributes = {
					0129CB332B76D40C003FAE66 = {
						CreatedOnToolsVersion = 15.2;
					};
					0129CB4F2B76D40D003FAE66 = {
						CreatedOnToolsVersion = 15.2;
					};
				};
			};
			buildConfigurationList = 0129CB2F2B76D40C003FAE66 /* Build configuration list for PBXProject "DictionaryScrapper" */;
			compatibilityVersion = "Xcode 14.0";
			developmentRegion = en;
			hasScannedForEncodings = 0;
			knownRegions = (
				en,
				Base,
			);
			mainGroup = 0129CB2B2B76D40C003FAE66;
			productRefGroup = 0129CB352B76D40C003FAE66 /* Products */;
			projectDirPath = "";
			projectReferences = (
				{
					ProductGroup = 01ED72DC2B78015400EF8271 /* Products */;
					ProjectRef = 01ED72DB2B78015400EF8271 /* WordFinder.xcodeproj */;
				},
			);
			projectRoot = "";
			targets = (
				0129CB332B76D40C003FAE66 /* DictionaryScrapper */,
				0129CB4F2B76D40D003FAE66 /* DictionaryScrapper Extension */,
			);
		};
/* End PBXProject section */

/* Begin PBXReferenceProxy section */
		01ED72E12B78015500EF8271 /* WordFinder.app */ = {
			isa = PBXReferenceProxy;
			fileType = wrapper.application;
			path = WordFinder.app;
			remoteRef = 01ED72E02B78015500EF8271 /* PBXContainerItemProxy */;
			sourceTree = BUILT_PRODUCTS_DIR;
		};
		01ED72E32B78015500EF8271 /* WordFinder Extension.appex */ = {
			isa = PBXReferenceProxy;
			fileType = "wrapper.app-extension";
			path = "WordFinder Extension.appex";
			remoteRef = 01ED72E22B78015500EF8271 /* PBXContainerItemProxy */;
			sourceTree = BUILT_PRODUCTS_DIR;
		};
/* End PBXReferenceProxy section */

/* Begin PBXResourcesBuildPhase section */
		0129CB322B76D40C003FAE66 /* Resources */ = {
			isa = PBXResourcesBuildPhase;
			buildActionMask = 2147483647;
			files = (
				0129CB3E2B76D40C003FAE66 /* Icon.png in Resources */,
				0129CB472B76D40C003FAE66 /* Main.storyboard in Resources */,
				0129CB422B76D40C003FAE66 /* Script.js in Resources */,
				0129CB3C2B76D40C003FAE66 /* Main.html in Resources */,
				0129CB492B76D40D003FAE66 /* Assets.xcassets in Resources */,
				0129CB402B76D40C003FAE66 /* Style.css in Resources */,
			);
			runOnlyForDeploymentPostprocessing = 0;
		};
		0129CB4E2B76D40D003FAE66 /* Resources */ = {
			isa = PBXResourcesBuildPhase;
			buildActionMask = 2147483647;
			files = (
				0129CB602B76D40D003FAE66 /* SafariExtensionViewController.xib in Resources */,
				0129CB5D2B76D40D003FAE66 /* ToolbarItemIcon.pdf in Resources */,
				0129CB5B2B76D40D003FAE66 /* script.js in Resources */,
			);
			runOnlyForDeploymentPostprocessing = 0;
		};
/* End PBXResourcesBuildPhase section */

/* Begin PBXSourcesBuildPhase section */
		0129CB302B76D40C003FAE66 /* Sources */ = {
			isa = PBXSourcesBuildPhase;
			buildActionMask = 2147483647;
			files = (
				0129CB442B76D40C003FAE66 /* ViewController.swift in Sources */,
				0129CB382B76D40C003FAE66 /* AppDelegate.swift in Sources */,
			);
			runOnlyForDeploymentPostprocessing = 0;
		};
		0129CB4C2B76D40D003FAE66 /* Sources */ = {
			isa = PBXSourcesBuildPhase;
			buildActionMask = 2147483647;
			files = (
				0129CB582B76D40D003FAE66 /* SafariExtensionViewController.swift in Sources */,
				0129CB562B76D40D003FAE66 /* SafariExtensionHandler.swift in Sources */,
			);
			runOnlyForDeploymentPostprocessing = 0;
		};
/* End PBXSourcesBuildPhase section */

/* Begin PBXTargetDependency section */
		0129CB532B76D40D003FAE66 /* PBXTargetDependency */ = {
			isa = PBXTargetDependency;
			target = 0129CB4F2B76D40D003FAE66 /* DictionaryScrapper Extension */;
			targetProxy = 0129CB522B76D40D003FAE66 /* PBXContainerItemProxy */;
		};
/* End PBXTargetDependency section */

/* Begin PBXVariantGroup section */
		0129CB3A2B76D40C003FAE66 /* Main.html */ = {
			isa = PBXVariantGroup;
			children = (
				0129CB3B2B76D40C003FAE66 /* Base */,
			);
			name = Main.html;
			sourceTree = "<group>";
		};
		0129CB452B76D40C003FAE66 /* Main.storyboard */ = {
			isa = PBXVariantGroup;
			children = (
				0129CB462B76D40C003FAE66 /* Base */,
			);
			name = Main.storyboard;
			sourceTree = "<group>";
		};
		0129CB5E2B76D40D003FAE66 /* SafariExtensionViewController.xib */ = {
			isa = PBXVariantGroup;
			children = (
				0129CB5F2B76D40D003FAE66 /* Base */,
			);
			name = SafariExtensionViewController.xib;
			sourceTree = "<group>";
		};
/* End PBXVariantGroup section */

/* Begin XCBuildConfiguration section */
		0129CB632B76D40D003FAE66 /* Debug */ = {
			isa = XCBuildConfiguration;
			buildSettings = {
				ALWAYS_SEARCH_USER_PATHS = NO;
				ASSETCATALOG_COMPILER_GENERATE_SWIFT_ASSET_SYMBOL_EXTENSIONS = YES;
				CLANG_ANALYZER_NONNULL = YES;
				CLANG_ANALYZER_NUMBER_OBJECT_CONVERSION = YES_AGGRESSIVE;
				CLANG_CXX_LANGUAGE_STANDARD = "gnu++20";
				CLANG_ENABLE_MODULES = YES;
				CLANG_ENABLE_OBJC_ARC = YES;
				CLANG_ENABLE_OBJC_WEAK = YES;
				CLANG_WARN_BLOCK_CAPTURE_AUTORELEASING = YES;
				CLANG_WARN_BOOL_CONVERSION = YES;
				CLANG_WARN_COMMA = YES;
				CLANG_WARN_CONSTANT_CONVERSION = YES;
				CLANG_WARN_DEPRECATED_OBJC_IMPLEMENTATIONS = YES;
				CLANG_WARN_DIRECT_OBJC_ISA_USAGE = YES_ERROR;
				CLANG_WARN_DOCUMENTATION_COMMENTS = YES;
				CLANG_WARN_EMPTY_BODY = YES;
				CLANG_WARN_ENUM_CONVERSION = YES;
				CLANG_WARN_INFINITE_RECURSION = YES;
				CLANG_WARN_INT_CONVERSION = YES;
				CLANG_WARN_NON_LITERAL_NULL_CONVERSION = YES;
				CLANG_WARN_OBJC_IMPLICIT_RETAIN_SELF = YES;
				CLANG_WARN_OBJC_LITERAL_CONVERSION = YES;
				CLANG_WARN_OBJC_ROOT_CLASS = YES_ERROR;
				CLANG_WARN_QUOTED_INCLUDE_IN_FRAMEWORK_HEADER = YES;
				CLANG_WARN_RANGE_LOOP_ANALYSIS = YES;
				CLANG_WARN_STRICT_PROTOTYPES = YES;
				CLANG_WARN_SUSPICIOUS_MOVE = YES;
				CLANG_WARN_UNGUARDED_AVAILABILITY = YES_AGGRESSIVE;
				CLANG_WARN_UNREACHABLE_CODE = YES;
				CLANG_WARN__DUPLICATE_METHOD_MATCH = YES;
				COPY_PHASE_STRIP = NO;
				DEBUG_INFORMATION_FORMAT = dwarf;
				ENABLE_STRICT_OBJC_MSGSEND = YES;
				ENABLE_TESTABILITY = YES;
				ENABLE_USER_SCRIPT_SANDBOXING = YES;
				GCC_C_LANGUAGE_STANDARD = gnu17;
				GCC_DYNAMIC_NO_PIC = NO;
				GCC_NO_COMMON_BLOCKS = YES;
				GCC_OPTIMIZATION_LEVEL = 0;
				GCC_PREPROCESSOR_DEFINITIONS = (
					"DEBUG=1",
					"$(inherited)",
				);
				GCC_WARN_64_TO_32_BIT_CONVERSION = YES;
				GCC_WARN_ABOUT_RETURN_TYPE = YES_ERROR;
				GCC_WARN_UNDECLARED_SELECTOR = YES;
				GCC_WARN_UNINITIALIZED_AUTOS = YES_AGGRESSIVE;
				GCC_WARN_UNUSED_FUNCTION = YES;
				GCC_WARN_UNUSED_VARIABLE = YES;
				LOCALIZATION_PREFERS_STRING_CATALOGS = YES;
				MACOSX_DEPLOYMENT_TARGET = 14.2;
				MTL_ENABLE_DEBUG_INFO = INCLUDE_SOURCE;
				MTL_FAST_MATH = YES;
				ONLY_ACTIVE_ARCH = YES;
				SDKROOT = macosx;
				SWIFT_ACTIVE_COMPILATION_CONDITIONS = "DEBUG $(inherited)";
				SWIFT_OPTIMIZATION_LEVEL = "-Onone";
			};
			name = Debug;
		};
		0129CB642B76D40D003FAE66 /* Release */ = {
			isa = XCBuildConfiguration;
			buildSettings = {
				ALWAYS_SEARCH_USER_PATHS = NO;
				ASSETCATALOG_COMPILER_GENERATE_SWIFT_ASSET_SYMBOL_EXTENSIONS = YES;
				CLANG_ANALYZER_NONNULL = YES;
				CLANG_ANALYZER_NUMBER_OBJECT_CONVERSION = YES_AGGRESSIVE;
				CLANG_CXX_LANGUAGE_STANDARD = "gnu++20";
				CLANG_ENABLE_MODULES = YES;
				CLANG_ENABLE_OBJC_ARC = YES;
				CLANG_ENABLE_OBJC_WEAK = YES;
				CLANG_WARN_BLOCK_CAPTURE_AUTORELEASING = YES;
				CLANG_WARN_BOOL_CONVERSION = YES;
				CLANG_WARN_COMMA = YES;
				CLANG_WARN_CONSTANT_CONVERSION = YES;
				CLANG_WARN_DEPRECATED_OBJC_IMPLEMENTATIONS = YES;
				CLANG_WARN_DIRECT_OBJC_ISA_USAGE = YES_ERROR;
				CLANG_WARN_DOCUMENTATION_COMMENTS = YES;
				CLANG_WARN_EMPTY_BODY = YES;
				CLANG_WARN_ENUM_CONVERSION = YES;
				CLANG_WARN_INFINITE_RECURSION = YES;
				CLANG_WARN_INT_CONVERSION = YES;
				CLANG_WARN_NON_LITERAL_NULL_CONVERSION = YES;
				CLANG_WARN_OBJC_IMPLICIT_RETAIN_SELF = YES;
				CLANG_WARN_OBJC_LITERAL_CONVERSION = YES;
				CLANG_WARN_OBJC_ROOT_CLASS = YES_ERROR;
				CLANG_WARN_QUOTED_INCLUDE_IN_FRAMEWORK_HEADER = YES;
				CLANG_WARN_RANGE_LOOP_ANALYSIS = YES;
				CLANG_WARN_STRICT_PROTOTYPES = YES;
				CLANG_WARN_SUSPICIOUS_MOVE = YES;
				CLANG_WARN_UNGUARDED_AVAILABILITY = YES_AGGRESSIVE;
				CLANG_WARN_UNREACHABLE_CODE = YES;
				CLANG_WARN__DUPLICATE_METHOD_MATCH = YES;
				COPY_PHASE_STRIP = NO;
				DEBUG_INFORMATION_FORMAT = "dwarf-with-dsym";
				ENABLE_NS_ASSERTIONS = NO;
				ENABLE_STRICT_OBJC_MSGSEND = YES;
				ENABLE_USER_SCRIPT_SANDBOXING = YES;
				GCC_C_LANGUAGE_STANDARD = gnu17;
				GCC_NO_COMMON_BLOCKS = YES;
				GCC_WARN_64_TO_32_BIT_CONVERSION = YES;
				GCC_WARN_ABOUT_RETURN_TYPE = YES_ERROR;
				GCC_WARN_UNDECLARED_SELECTOR = YES;
				GCC_WARN_UNINITIALIZED_AUTOS = YES_AGGRESSIVE;
				GCC_WARN_UNUSED_FUNCTION = YES;
				GCC_WARN_UNUSED_VARIABLE = YES;
				LOCALIZATION_PREFERS_STRING_CATALOGS = YES;
				MACOSX_DEPLOYMENT_TARGET = 14.2;
				MTL_ENABLE_DEBUG_INFO = NO;
				MTL_FAST_MATH = YES;
				SDKROOT = macosx;
				SWIFT_COMPILATION_MODE = wholemodule;
			};
			name = Release;
		};
		0129CB662B76D40D003FAE66 /* Debug */ = {
			isa = XCBuildConfiguration;
			buildSettings = {
				CODE_SIGN_ENTITLEMENTS = "DictionaryScrapper Extension/DictionaryScrapper_Extension.entitlements";
				CODE_SIGN_STYLE = Automatic;
				CURRENT_PROJECT_VERSION = 1;
				DEVELOPMENT_TEAM = 88Z93X62R5;
				ENABLE_HARDENED_RUNTIME = YES;
				GENERATE_INFOPLIST_FILE = YES;
				INFOPLIST_FILE = "DictionaryScrapper Extension/Info.plist";
				INFOPLIST_KEY_CFBundleDisplayName = "DictionaryScrapper Extension";
				INFOPLIST_KEY_NSHumanReadableCopyright = "";
				LD_RUNPATH_SEARCH_PATHS = (
					"$(inherited)",
					"@executable_path/../Frameworks",
					"@executable_path/../../../../Frameworks",
				);
				MACOSX_DEPLOYMENT_TARGET = 10.14;
				MARKETING_VERSION = 1.0;
				OTHER_LDFLAGS = (
					"-framework",
					SafariServices,
				);
				PRODUCT_BUNDLE_IDENTIFIER = com.nickkibish.DictionaryScrapper.Extension;
				PRODUCT_NAME = "$(TARGET_NAME)";
				SKIP_INSTALL = YES;
				SWIFT_EMIT_LOC_STRINGS = YES;
				SWIFT_VERSION = 5.0;
			};
			name = Debug;
		};
		0129CB672B76D40D003FAE66 /* Release */ = {
			isa = XCBuildConfiguration;
			buildSettings = {
				CODE_SIGN_ENTITLEMENTS = "DictionaryScrapper Extension/DictionaryScrapper_Extension.entitlements";
				CODE_SIGN_STYLE = Automatic;
				CURRENT_PROJECT_VERSION = 1;
				DEVELOPMENT_TEAM = 88Z93X62R5;
				ENABLE_HARDENED_RUNTIME = YES;
				GENERATE_INFOPLIST_FILE = YES;
				INFOPLIST_FILE = "DictionaryScrapper Extension/Info.plist";
				INFOPLIST_KEY_CFBundleDisplayName = "DictionaryScrapper Extension";
				INFOPLIST_KEY_NSHumanReadableCopyright = "";
				LD_RUNPATH_SEARCH_PATHS = (
					"$(inherited)",
					"@executable_path/../Frameworks",
					"@executable_path/../../../../Frameworks",
				);
				MACOSX_DEPLOYMENT_TARGET = 10.14;
				MARKETING_VERSION = 1.0;
				OTHER_LDFLAGS = (
					"-framework",
					SafariServices,
				);
				PRODUCT_BUNDLE_IDENTIFIER = com.nickkibish.DictionaryScrapper.Extension;
				PRODUCT_NAME = "$(TARGET_NAME)";
				SKIP_INSTALL = YES;
				SWIFT_EMIT_LOC_STRINGS = YES;
				SWIFT_VERSION = 5.0;
			};
			name = Release;
		};
		0129CB6A2B76D40D003FAE66 /* Debug */ = {
			isa = XCBuildConfiguration;
			buildSettings = {
				ALWAYS_EMBED_SWIFT_STANDARD_LIBRARIES = YES;
				ASSETCATALOG_COMPILER_APPICON_NAME = AppIcon;
				ASSETCATALOG_COMPILER_GLOBAL_ACCENT_COLOR_NAME = AccentColor;
				CODE_SIGN_ENTITLEMENTS = DictionaryScrapper/DictionaryScrapper.entitlements;
				CODE_SIGN_STYLE = Automatic;
				COMBINE_HIDPI_IMAGES = YES;
				CURRENT_PROJECT_VERSION = 1;
				DEVELOPMENT_TEAM = 88Z93X62R5;
				ENABLE_HARDENED_RUNTIME = YES;
				GENERATE_INFOPLIST_FILE = YES;
				INFOPLIST_KEY_CFBundleDisplayName = DictionaryScrapper;
				INFOPLIST_KEY_NSHumanReadableCopyright = "";
				INFOPLIST_KEY_NSMainStoryboardFile = Main;
				INFOPLIST_KEY_NSPrincipalClass = NSApplication;
				LD_RUNPATH_SEARCH_PATHS = (
					"$(inherited)",
					"@executable_path/../Frameworks",
				);
				MACOSX_DEPLOYMENT_TARGET = 10.14;
				MARKETING_VERSION = 1.0;
				OTHER_LDFLAGS = (
					"-framework",
					SafariServices,
					"-framework",
					WebKit,
				);
				PRODUCT_BUNDLE_IDENTIFIER = com.nickkibish.DictionaryScrapper;
				PRODUCT_NAME = "$(TARGET_NAME)";
				SWIFT_EMIT_LOC_STRINGS = YES;
				SWIFT_VERSION = 5.0;
			};
			name = Debug;
		};
		0129CB6B2B76D40D003FAE66 /* Release */ = {
			isa = XCBuildConfiguration;
			buildSettings = {
				ALWAYS_EMBED_SWIFT_STANDARD_LIBRARIES = YES;
				ASSETCATALOG_COMPILER_APPICON_NAME = AppIcon;
				ASSETCATALOG_COMPILER_GLOBAL_ACCENT_COLOR_NAME = AccentColor;
				CODE_SIGN_ENTITLEMENTS = DictionaryScrapper/DictionaryScrapper.entitlements;
				CODE_SIGN_STYLE = Automatic;
				COMBINE_HIDPI_IMAGES = YES;
				CURRENT_PROJECT_VERSION = 1;
				DEVELOPMENT_TEAM = 88Z93X62R5;
				ENABLE_HARDENED_RUNTIME = YES;
				GENERATE_INFOPLIST_FILE = YES;
				INFOPLIST_KEY_CFBundleDisplayName = DictionaryScrapper;
				INFOPLIST_KEY_NSHumanReadableCopyright = "";
				INFOPLIST_KEY_NSMainStoryboardFile = Main;
				INFOPLIST_KEY_NSPrincipalClass = NSApplication;
				LD_RUNPATH_SEARCH_PATHS = (
					"$(inherited)",
					"@executable_path/../Frameworks",
				);
				MACOSX_DEPLOYMENT_TARGET = 10.14;
				MARKETING_VERSION = 1.0;
				OTHER_LDFLAGS = (
					"-framework",
					SafariServices,
					"-framework",
					WebKit,
				);
				PRODUCT_BUNDLE_IDENTIFIER = com.nickkibish.DictionaryScrapper;
				PRODUCT_NAME = "$(TARGET_NAME)";
				SWIFT_EMIT_LOC_STRINGS = YES;
				SWIFT_VERSION = 5.0;
			};
			name = Release;
		};
/* End XCBuildConfiguration section */

/* Begin XCConfigurationList section */
		0129CB2F2B76D40C003FAE66 /* Build configuration list for PBXProject "DictionaryScrapper" */ = {
			isa = XCConfigurationList;
			buildConfigurations = (
				0129CB632B76D40D003FAE66 /* Debug */,
				0129CB642B76D40D003FAE66 /* Release */,
			);
			defaultConfigurationIsVisible = 0;
			defaultConfigurationName = Release;
		};
		0129CB652B76D40D003FAE66 /* Build configuration list for PBXNativeTarget "DictionaryScrapper Extension" */ = {
			isa = XCConfigurationList;
			buildConfigurations = (
				0129CB662B76D40D003FAE66 /* Debug */,
				0129CB672B76D40D003FAE66 /* Release */,
			);
			defaultConfigurationIsVisible = 0;
			defaultConfigurationName = Release;
		};
		0129CB692B76D40D003FAE66 /* Build configuration list for PBXNativeTarget "DictionaryScrapper" */ = {
			isa = XCConfigurationList;
			buildConfigurations = (
				0129CB6A2B76D40D003FAE66 /* Debug */,
				0129CB6B2B76D40D003FAE66 /* Release */,
			);
			defaultConfigurationIsVisible = 0;
			defaultConfigurationName = Release;
		};
/* End XCConfigurationList section */
	};
	rootObject = 0129CB2C2B76D40C003FAE66 /* Project object */;
}
